// !$*UTF8*$!
{
	archiveVersion = 1;
	classes = {
	};
	objectVersion = 50;
	objects = {

/* Begin PBXBuildFile section */
		A64E339E2136CA3D00C258FB /* AppDelegate.swift in Sources */ = {isa = PBXBuildFile; fileRef = A64E339D2136CA3D00C258FB /* AppDelegate.swift */; };
		A64E33A02136CA3D00C258FB /* ViewController.swift in Sources */ = {isa = PBXBuildFile; fileRef = A64E339F2136CA3D00C258FB /* ViewController.swift */; };
		A64E33A32136CA3D00C258FB /* Main.storyboard in Resources */ = {isa = PBXBuildFile; fileRef = A64E33A12136CA3D00C258FB /* Main.storyboard */; };
		A64E33A52136CA3E00C258FB /* Assets.xcassets in Resources */ = {isa = PBXBuildFile; fileRef = A64E33A42136CA3E00C258FB /* Assets.xcassets */; };
		A64E33A82136CA3E00C258FB /* LaunchScreen.storyboard in Resources */ = {isa = PBXBuildFile; fileRef = A64E33A62136CA3E00C258FB /* LaunchScreen.storyboard */; };
		A64E33B32136CA3E00C258FB /* PomodoroTests.swift in Sources */ = {isa = PBXBuildFile; fileRef = A64E33B22136CA3E00C258FB /* PomodoroTests.swift */; };
		A64E33BE2136CA3E00C258FB /* PomodoroUITests.swift in Sources */ = {isa = PBXBuildFile; fileRef = A64E33BD2136CA3E00C258FB /* PomodoroUITests.swift */; };
/* End PBXBuildFile section */

/* Begin PBXContainerItemProxy section */
		A64E33AF2136CA3E00C258FB /* PBXContainerItemProxy */ = {
			isa = PBXContainerItemProxy;
			containerPortal = A64E33922136CA3C00C258FB /* Project object */;
			proxyType = 1;
			remoteGlobalIDString = A64E33992136CA3D00C258FB;
			remoteInfo = Pomodoro;
		};
		A64E33BA2136CA3E00C258FB /* PBXContainerItemProxy */ = {
			isa = PBXContainerItemProxy;
			containerPortal = A64E33922136CA3C00C258FB /* Project object */;
			proxyType = 1;
			remoteGlobalIDString = A64E33992136CA3D00C258FB;
			remoteInfo = Pomodoro;
		};
/* End PBXContainerItemProxy section */

/* Begin PBXFileReference section */
		A64E339A2136CA3D00C258FB /* Pomodoro.app */ = {isa = PBXFileReference; explicitFileType = wrapper.application; includeInIndex = 0; path = Pomodoro.app; sourceTree = BUILT_PRODUCTS_DIR; };
		A64E339D2136CA3D00C258FB /* AppDelegate.swift */ = {isa = PBXFileReference; lastKnownFileType = sourcecode.swift; path = AppDelegate.swift; sourceTree = "<group>"; };
		A64E339F2136CA3D00C258FB /* ViewController.swift */ = {isa = PBXFileReference; lastKnownFileType = sourcecode.swift; path = ViewController.swift; sourceTree = "<group>"; };
		A64E33A22136CA3D00C258FB /* Base */ = {isa = PBXFileReference; lastKnownFileType = file.storyboard; name = Base; path = Base.lproj/Main.storyboard; sourceTree = "<group>"; };
		A64E33A42136CA3E00C258FB /* Assets.xcassets */ = {isa = PBXFileReference; lastKnownFileType = folder.assetcatalog; path = Assets.xcassets; sourceTree = "<group>"; };
		A64E33A72136CA3E00C258FB /* Base */ = {isa = PBXFileReference; lastKnownFileType = file.storyboard; name = Base; path = Base.lproj/LaunchScreen.storyboard; sourceTree = "<group>"; };
		A64E33A92136CA3E00C258FB /* Info.plist */ = {isa = PBXFileReference; lastKnownFileType = text.plist.xml; path = Info.plist; sourceTree = "<group>"; };
		A64E33AE2136CA3E00C258FB /* PomodoroTests.xctest */ = {isa = PBXFileReference; explicitFileType = wrapper.cfbundle; includeInIndex = 0; path = PomodoroTests.xctest; sourceTree = BUILT_PRODUCTS_DIR; };
		A64E33B22136CA3E00C258FB /* PomodoroTests.swift */ = {isa = PBXFileReference; lastKnownFileType = sourcecode.swift; path = PomodoroTests.swift; sourceTree = "<group>"; };
		A64E33B42136CA3E00C258FB /* Info.plist */ = {isa = PBXFileReference; lastKnownFileType = text.plist.xml; path = Info.plist; sourceTree = "<group>"; };
		A64E33B92136CA3E00C258FB /* PomodoroUITests.xctest */ = {isa = PBXFileReference; explicitFileType = wrapper.cfbundle; includeInIndex = 0; path = PomodoroUITests.xctest; sourceTree = BUILT_PRODUCTS_DIR; };
		A64E33BD2136CA3E00C258FB /* PomodoroUITests.swift */ = {isa = PBXFileReference; lastKnownFileType = sourcecode.swift; path = PomodoroUITests.swift; sourceTree = "<group>"; };
		A64E33BF2136CA3E00C258FB /* Info.plist */ = {isa = PBXFileReference; lastKnownFileType = text.plist.xml; path = Info.plist; sourceTree = "<group>"; };
/* End PBXFileReference section */

/* Begin PBXFrameworksBuildPhase section */
		A64E33972136CA3D00C258FB /* Frameworks */ = {
			isa = PBXFrameworksBuildPhase;
			buildActionMask = 2147483647;
			files = (
			);
			runOnlyForDeploymentPostprocessing = 0;
		};
		A64E33AB2136CA3E00C258FB /* Frameworks */ = {
			isa = PBXFrameworksBuildPhase;
			buildActionMask = 2147483647;
			files = (
			);
			runOnlyForDeploymentPostprocessing = 0;
		};
		A64E33B62136CA3E00C258FB /* Frameworks */ = {
			isa = PBXFrameworksBuildPhase;
			buildActionMask = 2147483647;
			files = (
			);
			runOnlyForDeploymentPostprocessing = 0;
		};
/* End PBXFrameworksBuildPhase section */

/* Begin PBXGroup section */
		A64E33912136CA3C00C258FB = {
			isa = PBXGroup;
			children = (
				A64E339C2136CA3D00C258FB /* Pomodoro */,
				A64E33B12136CA3E00C258FB /* PomodoroTests */,
				A64E33BC2136CA3E00C258FB /* PomodoroUITests */,
				A64E339B2136CA3D00C258FB /* Products */,
			);
			sourceTree = "<group>";
		};
		A64E339B2136CA3D00C258FB /* Products */ = {
			isa = PBXGroup;
			children = (
				A64E339A2136CA3D00C258FB /* Pomodoro.app */,
				A64E33AE2136CA3E00C258FB /* PomodoroTests.xctest */,
				A64E33B92136CA3E00C258FB /* PomodoroUITests.xctest */,
			);
			name = Products;
			sourceTree = "<group>";
		};
		A64E339C2136CA3D00C258FB /* Pomodoro */ = {
			isa = PBXGroup;
			children = (
				A64E339D2136CA3D00C258FB /* AppDelegate.swift */,
				A64E339F2136CA3D00C258FB /* ViewController.swift */,
				A64E33A12136CA3D00C258FB /* Main.storyboard */,
				A64E33A42136CA3E00C258FB /* Assets.xcassets */,
				A64E33A62136CA3E00C258FB /* LaunchScreen.storyboard */,
				A64E33A92136CA3E00C258FB /* Info.plist */,
			);
			path = Pomodoro;
			sourceTree = "<group>";
		};
		A64E33B12136CA3E00C258FB /* PomodoroTests */ = {
			isa = PBXGroup;
			children = (
				A64E33B22136CA3E00C258FB /* PomodoroTests.swift */,
				A64E33B42136CA3E00C258FB /* Info.plist */,
			);
			path = PomodoroTests;
			sourceTree = "<group>";
		};
		A64E33BC2136CA3E00C258FB /* PomodoroUITests */ = {
			isa = PBXGroup;
			children = (
				A64E33BD2136CA3E00C258FB /* PomodoroUITests.swift */,
				A64E33BF2136CA3E00C258FB /* Info.plist */,
			);
			path = PomodoroUITests;
			sourceTree = "<group>";
		};
/* End PBXGroup section */

/* Begin PBXNativeTarget section */
		A64E33992136CA3D00C258FB /* Pomodoro */ = {
			isa = PBXNativeTarget;
			buildConfigurationList = A64E33C22136CA3E00C258FB /* Build configuration list for PBXNativeTarget "Pomodoro" */;
			buildPhases = (
				A64E33962136CA3D00C258FB /* Sources */,
				A64E33972136CA3D00C258FB /* Frameworks */,
				A64E33982136CA3D00C258FB /* Resources */,
			);
			buildRules = (
			);
			dependencies = (
			);
			name = Pomodoro;
			productName = Pomodoro;
			productReference = A64E339A2136CA3D00C258FB /* Pomodoro.app */;
			productType = "com.apple.product-type.application";
		};
		A64E33AD2136CA3E00C258FB /* PomodoroTests */ = {
			isa = PBXNativeTarget;
			buildConfigurationList = A64E33C52136CA3E00C258FB /* Build configuration list for PBXNativeTarget "PomodoroTests" */;
			buildPhases = (
				A64E33AA2136CA3E00C258FB /* Sources */,
				A64E33AB2136CA3E00C258FB /* Frameworks */,
				A64E33AC2136CA3E00C258FB /* Resources */,
			);
			buildRules = (
			);
			dependencies = (
				A64E33B02136CA3E00C258FB /* PBXTargetDependency */,
			);
			name = PomodoroTests;
			productName = PomodoroTests;
			productReference = A64E33AE2136CA3E00C258FB /* PomodoroTests.xctest */;
			productType = "com.apple.product-type.bundle.unit-test";
		};
		A64E33B82136CA3E00C258FB /* PomodoroUITests */ = {
			isa = PBXNativeTarget;
			buildConfigurationList = A64E33C82136CA3E00C258FB /* Build configuration list for PBXNativeTarget "PomodoroUITests" */;
			buildPhases = (
				A64E33B52136CA3E00C258FB /* Sources */,
				A64E33B62136CA3E00C258FB /* Frameworks */,
				A64E33B72136CA3E00C258FB /* Resources */,
			);
			buildRules = (
			);
			dependencies = (
				A64E33BB2136CA3E00C258FB /* PBXTargetDependency */,
			);
			name = PomodoroUITests;
			productName = PomodoroUITests;
			productReference = A64E33B92136CA3E00C258FB /* PomodoroUITests.xctest */;
			productType = "com.apple.product-type.bundle.ui-testing";
		};
/* End PBXNativeTarget section */

/* Begin PBXProject section */
		A64E33922136CA3C00C258FB /* Project object */ = {
			isa = PBXProject;
			attributes = {
				LastSwiftUpdateCheck = 0940;
				LastUpgradeCheck = 0940;
				ORGANIZATIONNAME = "HongYeol Jeon";
				TargetAttributes = {
					A64E33992136CA3D00C258FB = {
						CreatedOnToolsVersion = 9.4.1;
					};
					A64E33AD2136CA3E00C258FB = {
						CreatedOnToolsVersion = 9.4.1;
						TestTargetID = A64E33992136CA3D00C258FB;
					};
					A64E33B82136CA3E00C258FB = {
						CreatedOnToolsVersion = 9.4.1;
						TestTargetID = A64E33992136CA3D00C258FB;
					};
				};
			};
			buildConfigurationList = A64E33952136CA3C00C258FB /* Build configuration list for PBXProject "Pomodoro" */;
			compatibilityVersion = "Xcode 9.3";
			developmentRegion = en;
			hasScannedForEncodings = 0;
			knownRegions = (
				en,
				Base,
			);
			mainGroup = A64E33912136CA3C00C258FB;
			productRefGroup = A64E339B2136CA3D00C258FB /* Products */;
			projectDirPath = "";
			projectRoot = "";
			targets = (
				A64E33992136CA3D00C258FB /* Pomodoro */,
				A64E33AD2136CA3E00C258FB /* PomodoroTests */,
				A64E33B82136CA3E00C258FB /* PomodoroUITests */,
			);
		};
/* End PBXProject section */

/* Begin PBXResourcesBuildPhase section */
		A64E33982136CA3D00C258FB /* Resources */ = {
			isa = PBXResourcesBuildPhase;
			buildActionMask = 2147483647;
			files = (
				A64E33A82136CA3E00C258FB /* LaunchScreen.storyboard in Resources */,
				A64E33A52136CA3E00C258FB /* Assets.xcassets in Resources */,
				A64E33A32136CA3D00C258FB /* Main.storyboard in Resources */,
			);
			runOnlyForDeploymentPostprocessing = 0;
		};
		A64E33AC2136CA3E00C258FB /* Resources */ = {
			isa = PBXResourcesBuildPhase;
			buildActionMask = 2147483647;
			files = (
			);
			runOnlyForDeploymentPostprocessing = 0;
		};
		A64E33B72136CA3E00C258FB /* Resources */ = {
			isa = PBXResourcesBuildPhase;
			buildActionMask = 2147483647;
			files = (
			);
			runOnlyForDeploymentPostprocessing = 0;
		};
/* End PBXResourcesBuildPhase section */

/* Begin PBXSourcesBuildPhase section */
		A64E33962136CA3D00C258FB /* Sources */ = {
			isa = PBXSourcesBuildPhase;
			buildActionMask = 2147483647;
			files = (
				A64E33A02136CA3D00C258FB /* ViewController.swift in Sources */,
				A64E339E2136CA3D00C258FB /* AppDelegate.swift in Sources */,
			);
			runOnlyForDeploymentPostprocessing = 0;
		};
		A64E33AA2136CA3E00C258FB /* Sources */ = {
			isa = PBXSourcesBuildPhase;
			buildActionMask = 2147483647;
			files = (
				A64E33B32136CA3E00C258FB /* PomodoroTests.swift in Sources */,
			);
			runOnlyForDeploymentPostprocessing = 0;
		};
		A64E33B52136CA3E00C258FB /* Sources */ = {
			isa = PBXSourcesBuildPhase;
			buildActionMask = 2147483647;
			files = (
				A64E33BE2136CA3E00C258FB /* PomodoroUITests.swift in Sources */,
			);
			runOnlyForDeploymentPostprocessing = 0;
		};
/* End PBXSourcesBuildPhase section */

/* Begin PBXTargetDependency section */
		A64E33B02136CA3E00C258FB /* PBXTargetDependency */ = {
			isa = PBXTargetDependency;
			target = A64E33992136CA3D00C258FB /* Pomodoro */;
			targetProxy = A64E33AF2136CA3E00C258FB /* PBXContainerItemProxy */;
		};
		A64E33BB2136CA3E00C258FB /* PBXTargetDependency */ = {
			isa = PBXTargetDependency;
			target = A64E33992136CA3D00C258FB /* Pomodoro */;
			targetProxy = A64E33BA2136CA3E00C258FB /* PBXContainerItemProxy */;
		};
/* End PBXTargetDependency section */

/* Begin PBXVariantGroup section */
		A64E33A12136CA3D00C258FB /* Main.storyboard */ = {
			isa = PBXVariantGroup;
			children = (
				A64E33A22136CA3D00C258FB /* Base */,
			);
			name = Main.storyboard;
			sourceTree = "<group>";
		};
		A64E33A62136CA3E00C258FB /* LaunchScreen.storyboard */ = {
			isa = PBXVariantGroup;
			children = (
				A64E33A72136CA3E00C258FB /* Base */,
			);
			name = LaunchScreen.storyboard;
			sourceTree = "<group>";
		};
/* End PBXVariantGroup section */

/* Begin XCBuildConfiguration section */
		A64E33C02136CA3E00C258FB /* Debug */ = {
			isa = XCBuildConfiguration;
			buildSettings = {
				ALWAYS_SEARCH_USER_PATHS = NO;
				CLANG_ANALYZER_NONNULL = YES;
				CLANG_ANALYZER_NUMBER_OBJECT_CONVERSION = YES_AGGRESSIVE;
				CLANG_CXX_LANGUAGE_STANDARD = "gnu++14";
				CLANG_CXX_LIBRARY = "libc++";
				CLANG_ENABLE_MODULES = YES;
				CLANG_ENABLE_OBJC_ARC = YES;
				CLANG_ENABLE_OBJC_WEAK = YES;
				CLANG_WARN_BLOCK_CAPTURE_AUTORELEASING = YES;
				CLANG_WARN_BOOL_CONVERSION = YES;
				CLANG_WARN_COMMA = YES;
				CLANG_WARN_CONSTANT_CONVERSION = YES;
				CLANG_WARN_DEPRECATED_OBJC_IMPLEMENTATIONS = YES;
				CLANG_WARN_DIRECT_OBJC_ISA_USAGE = YES_ERROR;
				CLANG_WARN_DOCUMENTATION_COMMENTS = YES;
				CLANG_WARN_EMPTY_BODY = YES;
				CLANG_WARN_ENUM_CONVERSION = YES;
				CLANG_WARN_INFINITE_RECURSION = YES;
				CLANG_WARN_INT_CONVERSION = YES;
				CLANG_WARN_NON_LITERAL_NULL_CONVERSION = YES;
				CLANG_WARN_OBJC_IMPLICIT_RETAIN_SELF = YES;
				CLANG_WARN_OBJC_LITERAL_CONVERSION = YES;
				CLANG_WARN_OBJC_ROOT_CLASS = YES_ERROR;
				CLANG_WARN_RANGE_LOOP_ANALYSIS = YES;
				CLANG_WARN_STRICT_PROTOTYPES = YES;
				CLANG_WARN_SUSPICIOUS_MOVE = YES;
				CLANG_WARN_UNGUARDED_AVAILABILITY = YES_AGGRESSIVE;
				CLANG_WARN_UNREACHABLE_CODE = YES;
				CLANG_WARN__DUPLICATE_METHOD_MATCH = YES;
				CODE_SIGN_IDENTITY = "iPhone Developer";
				COPY_PHASE_STRIP = NO;
				DEBUG_INFORMATION_FORMAT = dwarf;
				ENABLE_STRICT_OBJC_MSGSEND = YES;
				ENABLE_TESTABILITY = YES;
				GCC_C_LANGUAGE_STANDARD = gnu11;
				GCC_DYNAMIC_NO_PIC = NO;
				GCC_NO_COMMON_BLOCKS = YES;
				GCC_OPTIMIZATION_LEVEL = 0;
				GCC_PREPROCESSOR_DEFINITIONS = (
					"DEBUG=1",
					"$(inherited)",
				);
				GCC_WARN_64_TO_32_BIT_CONVERSION = YES;
				GCC_WARN_ABOUT_RETURN_TYPE = YES_ERROR;
				GCC_WARN_UNDECLARED_SELECTOR = YES;
				GCC_WARN_UNINITIALIZED_AUTOS = YES_AGGRESSIVE;
				GCC_WARN_UNUSED_FUNCTION = YES;
				GCC_WARN_UNUSED_VARIABLE = YES;
				IPHONEOS_DEPLOYMENT_TARGET = 11.4;
				MTL_ENABLE_DEBUG_INFO = YES;
				ONLY_ACTIVE_ARCH = YES;
				SDKROOT = iphoneos;
				SWIFT_ACTIVE_COMPILATION_CONDITIONS = DEBUG;
				SWIFT_OPTIMIZATION_LEVEL = "-Onone";
			};
			name = Debug;
		};
		A64E33C12136CA3E00C258FB /* Release */ = {
			isa = XCBuildConfiguration;
			buildSettings = {
				ALWAYS_SEARCH_USER_PATHS = NO;
				CLANG_ANALYZER_NONNULL = YES;
				CLANG_ANALYZER_NUMBER_OBJECT_CONVERSION = YES_AGGRESSIVE;
				CLANG_CXX_LANGUAGE_STANDARD = "gnu++14";
				CLANG_CXX_LIBRARY = "libc++";
				CLANG_ENABLE_MODULES = YES;
				CLANG_ENABLE_OBJC_ARC = YES;
				CLANG_ENABLE_OBJC_WEAK = YES;
				CLANG_WARN_BLOCK_CAPTURE_AUTORELEASING = YES;
				CLANG_WARN_BOOL_CONVERSION = YES;
				CLANG_WARN_COMMA = YES;
				CLANG_WARN_CONSTANT_CONVERSION = YES;
				CLANG_WARN_DEPRECATED_OBJC_IMPLEMENTATIONS = YES;
				CLANG_WARN_DIRECT_OBJC_ISA_USAGE = YES_ERROR;
				CLANG_WARN_DOCUMENTATION_COMMENTS = YES;
				CLANG_WARN_EMPTY_BODY = YES;
				CLANG_WARN_ENUM_CONVERSION = YES;
				CLANG_WARN_INFINITE_RECURSION = YES;
				CLANG_WARN_INT_CONVERSION = YES;
				CLANG_WARN_NON_LITERAL_NULL_CONVERSION = YES;
				CLANG_WARN_OBJC_IMPLICIT_RETAIN_SELF = YES;
				CLANG_WARN_OBJC_LITERAL_CONVERSION = YES;
				CLANG_WARN_OBJC_ROOT_CLASS = YES_ERROR;
				CLANG_WARN_RANGE_LOOP_ANALYSIS = YES;
				CLANG_WARN_STRICT_PROTOTYPES = YES;
				CLANG_WARN_SUSPICIOUS_MOVE = YES;
				CLANG_WARN_UNGUARDED_AVAILABILITY = YES_AGGRESSIVE;
				CLANG_WARN_UNREACHABLE_CODE = YES;
				CLANG_WARN__DUPLICATE_METHOD_MATCH = YES;
				CODE_SIGN_IDENTITY = "iPhone Developer";
				COPY_PHASE_STRIP = NO;
				DEBUG_INFORMATION_FORMAT = "dwarf-with-dsym";
				ENABLE_NS_ASSERTIONS = NO;
				ENABLE_STRICT_OBJC_MSGSEND = YES;
				GCC_C_LANGUAGE_STANDARD = gnu11;
				GCC_NO_COMMON_BLOCKS = YES;
				GCC_WARN_64_TO_32_BIT_CONVERSION = YES;
				GCC_WARN_ABOUT_RETURN_TYPE = YES_ERROR;
				GCC_WARN_UNDECLARED_SELECTOR = YES;
				GCC_WARN_UNINITIALIZED_AUTOS = YES_AGGRESSIVE;
				GCC_WARN_UNUSED_FUNCTION = YES;
				GCC_WARN_UNUSED_VARIABLE = YES;
				IPHONEOS_DEPLOYMENT_TARGET = 11.4;
				MTL_ENABLE_DEBUG_INFO = NO;
				SDKROOT = iphoneos;
				SWIFT_COMPILATION_MODE = wholemodule;
				SWIFT_OPTIMIZATION_LEVEL = "-O";
				VALIDATE_PRODUCT = YES;
			};
			name = Release;
		};
		A64E33C32136CA3E00C258FB /* Debug */ = {
			isa = XCBuildConfiguration;
			buildSettings = {
				ASSETCATALOG_COMPILER_APPICON_NAME = AppIcon;
				CODE_SIGN_STYLE = Automatic;
				DEVELOPMENT_TEAM = D9DG2TYPM8;
				INFOPLIST_FILE = Pomodoro/Info.plist;
				LD_RUNPATH_SEARCH_PATHS = (
					"$(inherited)",
					"@executable_path/Frameworks",
				);
				PRODUCT_BUNDLE_IDENTIFIER = daruken.Pomodoro;
				PRODUCT_NAME = "$(TARGET_NAME)";
				SWIFT_VERSION = 4.0;
				TARGETED_DEVICE_FAMILY = "1,2";
			};
			name = Debug;
		};
		A64E33C42136CA3E00C258FB /* Release */ = {
			isa = XCBuildConfiguration;
			buildSettings = {
				ASSETCATALOG_COMPILER_APPICON_NAME = AppIcon;
				CODE_SIGN_STYLE = Automatic;
				DEVELOPMENT_TEAM = D9DG2TYPM8;
				INFOPLIST_FILE = Pomodoro/Info.plist;
				LD_RUNPATH_SEARCH_PATHS = (
					"$(inherited)",
					"@executable_path/Frameworks",
				);
				PRODUCT_BUNDLE_IDENTIFIER = daruken.Pomodoro;
				PRODUCT_NAME = "$(TARGET_NAME)";
				SWIFT_VERSION = 4.0;
				TARGETED_DEVICE_FAMILY = "1,2";
			};
			name = Release;
		};
		A64E33C62136CA3E00C258FB /* Debug */ = {
			isa = XCBuildConfiguration;
			buildSettings = {
				ALWAYS_EMBED_SWIFT_STANDARD_LIBRARIES = YES;
				BUNDLE_LOADER = "$(TEST_HOST)";
				CODE_SIGN_STYLE = Automatic;
				INFOPLIST_FILE = PomodoroTests/Info.plist;
				LD_RUNPATH_SEARCH_PATHS = (
					"$(inherited)",
					"@executable_path/Frameworks",
					"@loader_path/Frameworks",
				);
				PRODUCT_BUNDLE_IDENTIFIER = daruken.PomodoroTests;
				PRODUCT_NAME = "$(TARGET_NAME)";
				SWIFT_VERSION = 4.0;
				TARGETED_DEVICE_FAMILY = "1,2";
				TEST_HOST = "$(BUILT_PRODUCTS_DIR)/Pomodoro.app/Pomodoro";
			};
			name = Debug;
		};
		A64E33C72136CA3E00C258FB /* Release */ = {
			isa = XCBuildConfiguration;
			buildSettings = {
				ALWAYS_EMBED_SWIFT_STANDARD_LIBRARIES = YES;
				BUNDLE_LOADER = "$(TEST_HOST)";
				CODE_SIGN_STYLE = Automatic;
				INFOPLIST_FILE = PomodoroTests/Info.plist;
				LD_RUNPATH_SEARCH_PATHS = (
					"$(inherited)",
					"@executable_path/Frameworks",
					"@loader_path/Frameworks",
				);
				PRODUCT_BUNDLE_IDENTIFIER = daruken.PomodoroTests;
				PRODUCT_NAME = "$(TARGET_NAME)";
				SWIFT_VERSION = 4.0;
				TARGETED_DEVICE_FAMILY = "1,2";
				TEST_HOST = "$(BUILT_PRODUCTS_DIR)/Pomodoro.app/Pomodoro";
			};
			name = Release;
		};
		A64E33C92136CA3E00C258FB /* Debug */ = {
			isa = XCBuildConfiguration;
			buildSettings = {
				ALWAYS_EMBED_SWIFT_STANDARD_LIBRARIES = YES;
				CODE_SIGN_STYLE = Automatic;
				INFOPLIST_FILE = PomodoroUITests/Info.plist;
				LD_RUNPATH_SEARCH_PATHS = (
					"$(inherited)",
					"@executable_path/Frameworks",
					"@loader_path/Frameworks",
				);
				PRODUCT_BUNDLE_IDENTIFIER = daruken.PomodoroUITests;
				PRODUCT_NAME = "$(TARGET_NAME)";
				SWIFT_VERSION = 4.0;
				TARGETED_DEVICE_FAMILY = "1,2";
				TEST_TARGET_NAME = Pomodoro;
			};
			name = Debug;
		};
		A64E33CA2136CA3E00C258FB /* Release */ = {
			isa = XCBuildConfiguration;
			buildSettings = {
				ALWAYS_EMBED_SWIFT_STANDARD_LIBRARIES = YES;
				CODE_SIGN_STYLE = Automatic;
				INFOPLIST_FILE = PomodoroUITests/Info.plist;
				LD_RUNPATH_SEARCH_PATHS = (
					"$(inherited)",
					"@executable_path/Frameworks",
					"@loader_path/Frameworks",
				);
				PRODUCT_BUNDLE_IDENTIFIER = daruken.PomodoroUITests;
				PRODUCT_NAME = "$(TARGET_NAME)";
				SWIFT_VERSION = 4.0;
				TARGETED_DEVICE_FAMILY = "1,2";
				TEST_TARGET_NAME = Pomodoro;
			};
			name = Release;
		};
/* End XCBuildConfiguration section */

/* Begin XCConfigurationList section */
		A64E33952136CA3C00C258FB /* Build configuration list for PBXProject "Pomodoro" */ = {
			isa = XCConfigurationList;
			buildConfigurations = (
				A64E33C02136CA3E00C258FB /* Debug */,
				A64E33C12136CA3E00C258FB /* Release */,
			);
			defaultConfigurationIsVisible = 0;
			defaultConfigurationName = Release;
		};
		A64E33C22136CA3E00C258FB /* Build configuration list for PBXNativeTarget "Pomodoro" */ = {
			isa = XCConfigurationList;
			buildConfigurations = (
				A64E33C32136CA3E00C258FB /* Debug */,
				A64E33C42136CA3E00C258FB /* Release */,
			);
			defaultConfigurationIsVisible = 0;
			defaultConfigurationName = Release;
		};
		A64E33C52136CA3E00C258FB /* Build configuration list for PBXNativeTarget "PomodoroTests" */ = {
			isa = XCConfigurationList;
			buildConfigurations = (
				A64E33C62136CA3E00C258FB /* Debug */,
				A64E33C72136CA3E00C258FB /* Release */,
			);
			defaultConfigurationIsVisible = 0;
			defaultConfigurationName = Release;
		};
		A64E33C82136CA3E00C258FB /* Build configuration list for PBXNativeTarget "PomodoroUITests" */ = {
			isa = XCConfigurationList;
			buildConfigurations = (
				A64E33C92136CA3E00C258FB /* Debug */,
				A64E33CA2136CA3E00C258FB /* Release */,
			);
			defaultConfigurationIsVisible = 0;
			defaultConfigurationName = Release;
		};
/* End XCConfigurationList section */
	};
	rootObject = A64E33922136CA3C00C258FB /* Project object */;
}
